
Microsoft Visual Studio Solution File, Format Version 12.00
# Visual Studio 2013
VisualStudioVersion = 12.0.21005.1
MinimumVisualStudioVersion = 10.0.40219.1
Project("{FAE04EC0-301F-11D3-BF4B-00C04F79EFBC}") = "PuppetLanguagePackage", "PuppetLanguagePackage\PuppetLanguagePackage.csproj", "{A23D9B87-3F9F-443E-92C9-69BA8DA793E7}"
EndProject
Project("{FAE04EC0-301F-11D3-BF4B-00C04F79EFBC}") = "PuppetLanguagePackage_IntegrationTests", "PuppetLanguagePackage\PuppetLanguagePackage_IntegrationTests\PuppetLanguagePackage_IntegrationTests.csproj", "{68A7186C-2747-4DF5-88C6-5CADCBD20A7F}"
EndProject
Project("{2150E333-8FDC-42A3-9474-1A3956D46DE8}") = "Solution Items", "Solution Items", "{D981E4D3-77FC-41E3-A6B6-AAB512D5143C}"
	ProjectSection(SolutionItems) = preProject
		IntegrationTests.testsettings = IntegrationTests.testsettings
		UnitTests.testsettings = UnitTests.testsettings
	EndProjectSection
EndProject
Project("{FAE04EC0-301F-11D3-BF4B-00C04F79EFBC}") = "PuppetLanguagePackage_UnitTests", "PuppetLanguagePackage\PuppetLanguagePackage_UnitTests\PuppetLanguagePackage_UnitTests.csproj", "{61F19CEB-215B-405D-8508-960203A3FBD3}"
EndProject
Global
	GlobalSection(SolutionConfigurationPlatforms) = preSolution
		Debug|Any CPU = Debug|Any CPU
		Release|Any CPU = Release|Any CPU
	EndGlobalSection
	GlobalSection(ProjectConfigurationPlatforms) = postSolution
		{A23D9B87-3F9F-443E-92C9-69BA8DA793E7}.Debug|Any CPU.ActiveCfg = Debug|Any CPU
		{A23D9B87-3F9F-443E-92C9-69BA8DA793E7}.Debug|Any CPU.Build.0 = Debug|Any CPU
		{A23D9B87-3F9F-443E-92C9-69BA8DA793E7}.Release|Any CPU.ActiveCfg = Release|Any CPU
		{A23D9B87-3F9F-443E-92C9-69BA8DA793E7}.Release|Any CPU.Build.0 = Release|Any CPU
		{68A7186C-2747-4DF5-88C6-5CADCBD20A7F}.Debug|Any CPU.ActiveCfg = Debug|Any CPU
		{68A7186C-2747-4DF5-88C6-5CADCBD20A7F}.Debug|Any CPU.Build.0 = Debug|Any CPU
		{68A7186C-2747-4DF5-88C6-5CADCBD20A7F}.Release|Any CPU.ActiveCfg = Release|Any CPU
		{68A7186C-2747-4DF5-88C6-5CADCBD20A7F}.Release|Any CPU.Build.0 = Release|Any CPU
		{61F19CEB-215B-405D-8508-960203A3FBD3}.Debug|Any CPU.ActiveCfg = Debug|Any CPU
		{61F19CEB-215B-405D-8508-960203A3FBD3}.Debug|Any CPU.Build.0 = Debug|Any CPU
		{61F19CEB-215B-405D-8508-960203A3FBD3}.Release|Any CPU.ActiveCfg = Release|Any CPU
		{61F19CEB-215B-405D-8508-960203A3FBD3}.Release|Any CPU.Build.0 = Release|Any CPU
	EndGlobalSection
	GlobalSection(SolutionProperties) = preSolution
		HideSolutionNode = FALSE
	EndGlobalSection
EndGlobal
